
Microsoft Visual Studio Solution File, Format Version 12.00
# Visual Studio Version 16
VisualStudioVersion = 16.0.31624.102
MinimumVisualStudioVersion = 10.0.40219.1
Project("{FAE04EC0-301F-11D3-BF4B-00C04F79EFBC}") = "ASCOM.MyCloudPWS", "ASCOM.MyCloudPWS.csproj", "{64308775-BD4A-469C-BCAB-3ED830B811AF}"
EndProject
Project("{FAE04EC0-301F-11D3-BF4B-00C04F79EFBC}") = "MyCloudPWStest", "..\MyCloudPWStest\MyCloudPWStest.csproj", "{D5207217-61C7-4E94-8097-91DBACE57D2A}"
EndProject
Global
	GlobalSection(SolutionConfigurationPlatforms) = preSolution
		Debug|Any CPU = Debug|Any CPU
		Debug|x86 = Debug|x86
		Release|Any CPU = Release|Any CPU
		Release|x86 = Release|x86
	EndGlobalSection
	GlobalSection(ProjectConfigurationPlatforms) = postSolution
		{64308775-BD4A-469C-BCAB-3ED830B811AF}.Debug|Any CPU.ActiveCfg = Debug|Any CPU
		{64308775-BD4A-469C-BCAB-3ED830B811AF}.Debug|Any CPU.Build.0 = Debug|Any CPU
		{64308775-BD4A-469C-BCAB-3ED830B811AF}.Debug|x86.ActiveCfg = Debug|Any CPU
		{64308775-BD4A-469C-BCAB-3ED830B811AF}.Debug|x86.Build.0 = Debug|Any CPU
		{64308775-BD4A-469C-BCAB-3ED830B811AF}.Release|Any CPU.ActiveCfg = Release|Any CPU
		{64308775-BD4A-469C-BCAB-3ED830B811AF}.Release|Any CPU.Build.0 = Release|Any CPU
		{64308775-BD4A-469C-BCAB-3ED830B811AF}.Release|x86.ActiveCfg = Release|Any CPU
		{64308775-BD4A-469C-BCAB-3ED830B811AF}.Release|x86.Build.0 = Release|Any CPU
		{D5207217-61C7-4E94-8097-91DBACE57D2A}.Debug|Any CPU.ActiveCfg = Debug|x86
		{D5207217-61C7-4E94-8097-91DBACE57D2A}.Debug|x86.ActiveCfg = Debug|x86
		{D5207217-61C7-4E94-8097-91DBACE57D2A}.Debug|x86.Build.0 = Debug|x86
		{D5207217-61C7-4E94-8097-91DBACE57D2A}.Release|Any CPU.ActiveCfg = Release|x86
		{D5207217-61C7-4E94-8097-91DBACE57D2A}.Release|x86.ActiveCfg = Release|x86
		{D5207217-61C7-4E94-8097-91DBACE57D2A}.Release|x86.Build.0 = Release|x86
	EndGlobalSection
	GlobalSection(SolutionProperties) = preSolution
		HideSolutionNode = FALSE
	EndGlobalSection
	GlobalSection(ExtensibilityGlobals) = postSolution
		SolutionGuid = {7253F36B-8837-4404-804B-D1567A5C1BD5}
	EndGlobalSection
EndGlobal
